
Microsoft Visual Studio Solution File, Format Version 12.00
# Visual Studio Version 16
VisualStudioVersion = 16.0.30011.22
MinimumVisualStudioVersion = 10.0.40219.1
Project("{9A19103F-16F7-4668-BE54-9A1E7A4F7556}") = "SharpNeatLib", "SharpNeatLib\SharpNeatLib.csproj", "{0707B33E-1B58-4DF4-A6E7-1642D0F935C4}"
EndProject
Project("{FAE04EC0-301F-11D3-BF4B-00C04F79EFBC}") = "SharpNeatDomains", "SharpNeatDomains\SharpNeatDomains.csproj", "{73AB8C8C-6315-4DC7-A3DE-3C747F86AC78}"
EndProject
Project("{FAE04EC0-301F-11D3-BF4B-00C04F79EFBC}") = "Kojoto.MNIST", "Kojoto.MNIST\Kojoto.MNIST.csproj", "{6B74D031-A1AC-4077-A9E1-552BF6DCAB01}"
EndProject
Project("{FAE04EC0-301F-11D3-BF4B-00C04F79EFBC}") = "Kojoto.MNIST.Test", "Kojoto.MNIST.Test\Kojoto.MNIST.Test.csproj", "{D4E069B8-BE98-488C-83A2-8238D87D3A91}"
EndProject
Global
	GlobalSection(SolutionConfigurationPlatforms) = preSolution
		Debug|Any CPU = Debug|Any CPU
		Release|Any CPU = Release|Any CPU
	EndGlobalSection
	GlobalSection(ProjectConfigurationPlatforms) = postSolution
		{0707B33E-1B58-4DF4-A6E7-1642D0F935C4}.Debug|Any CPU.ActiveCfg = Debug|Any CPU
		{0707B33E-1B58-4DF4-A6E7-1642D0F935C4}.Debug|Any CPU.Build.0 = Debug|Any CPU
		{0707B33E-1B58-4DF4-A6E7-1642D0F935C4}.Release|Any CPU.ActiveCfg = Release|Any CPU
		{0707B33E-1B58-4DF4-A6E7-1642D0F935C4}.Release|Any CPU.Build.0 = Release|Any CPU
		{73AB8C8C-6315-4DC7-A3DE-3C747F86AC78}.Debug|Any CPU.ActiveCfg = Debug|Any CPU
		{73AB8C8C-6315-4DC7-A3DE-3C747F86AC78}.Debug|Any CPU.Build.0 = Debug|Any CPU
		{73AB8C8C-6315-4DC7-A3DE-3C747F86AC78}.Release|Any CPU.ActiveCfg = Release|Any CPU
		{73AB8C8C-6315-4DC7-A3DE-3C747F86AC78}.Release|Any CPU.Build.0 = Release|Any CPU
		{6B74D031-A1AC-4077-A9E1-552BF6DCAB01}.Debug|Any CPU.ActiveCfg = Debug|Any CPU
		{6B74D031-A1AC-4077-A9E1-552BF6DCAB01}.Debug|Any CPU.Build.0 = Debug|Any CPU
		{6B74D031-A1AC-4077-A9E1-552BF6DCAB01}.Release|Any CPU.ActiveCfg = Release|Any CPU
		{6B74D031-A1AC-4077-A9E1-552BF6DCAB01}.Release|Any CPU.Build.0 = Release|Any CPU
		{D4E069B8-BE98-488C-83A2-8238D87D3A91}.Debug|Any CPU.ActiveCfg = Debug|Any CPU
		{D4E069B8-BE98-488C-83A2-8238D87D3A91}.Debug|Any CPU.Build.0 = Debug|Any CPU
		{D4E069B8-BE98-488C-83A2-8238D87D3A91}.Release|Any CPU.ActiveCfg = Release|Any CPU
		{D4E069B8-BE98-488C-83A2-8238D87D3A91}.Release|Any CPU.Build.0 = Release|Any CPU
	EndGlobalSection
	GlobalSection(SolutionProperties) = preSolution
		HideSolutionNode = FALSE
	EndGlobalSection
	GlobalSection(ExtensibilityGlobals) = postSolution
		SolutionGuid = {9A4B75B2-A8E9-4F0F-B9DA-2F2C310D5E0B}
	EndGlobalSection
EndGlobal
