
Microsoft Visual Studio Solution File, Format Version 12.00
# Visual Studio Version 16
VisualStudioVersion = 16.0.30011.22
MinimumVisualStudioVersion = 10.0.40219.1
Project("{FAE04EC0-301F-11D3-BF4B-00C04F79EFBC}") = "Kojoto.Markets", "Kojoto.Neat.Markets\Kojoto.Markets.csproj", "{CD7082CC-5F43-4542-ADD9-40DFF9F46CC2}"
EndProject
Project("{FAE04EC0-301F-11D3-BF4B-00C04F79EFBC}") = "Kojoto.Markets.Test", "Kojoto.Neat.Markets.Test\Kojoto.Markets.Test.csproj", "{4A1AFE6B-7802-4D99-A939-4E63F8FC36BD}"
EndProject
Project("{9A19103F-16F7-4668-BE54-9A1E7A4F7556}") = "SharpNeatLib", "SharpNeatLib\SharpNeatLib.csproj", "{5A88AE42-F376-43BC-B039-0069AD5161C8}"
EndProject
Project("{FAE04EC0-301F-11D3-BF4B-00C04F79EFBC}") = "SharpNeatDomains", "SharpNeatDomains\SharpNeatDomains.csproj", "{73AB8C8C-6315-4DC7-A3DE-3C747F86AC78}"
EndProject
Global
	GlobalSection(SolutionConfigurationPlatforms) = preSolution
		Debug|Any CPU = Debug|Any CPU
		Release|Any CPU = Release|Any CPU
	EndGlobalSection
	GlobalSection(ProjectConfigurationPlatforms) = postSolution
		{CD7082CC-5F43-4542-ADD9-40DFF9F46CC2}.Debug|Any CPU.ActiveCfg = Debug|Any CPU
		{CD7082CC-5F43-4542-ADD9-40DFF9F46CC2}.Debug|Any CPU.Build.0 = Debug|Any CPU
		{CD7082CC-5F43-4542-ADD9-40DFF9F46CC2}.Release|Any CPU.ActiveCfg = Release|Any CPU
		{CD7082CC-5F43-4542-ADD9-40DFF9F46CC2}.Release|Any CPU.Build.0 = Release|Any CPU
		{4A1AFE6B-7802-4D99-A939-4E63F8FC36BD}.Debug|Any CPU.ActiveCfg = Debug|Any CPU
		{4A1AFE6B-7802-4D99-A939-4E63F8FC36BD}.Debug|Any CPU.Build.0 = Debug|Any CPU
		{4A1AFE6B-7802-4D99-A939-4E63F8FC36BD}.Release|Any CPU.ActiveCfg = Release|Any CPU
		{4A1AFE6B-7802-4D99-A939-4E63F8FC36BD}.Release|Any CPU.Build.0 = Release|Any CPU
		{5A88AE42-F376-43BC-B039-0069AD5161C8}.Debug|Any CPU.ActiveCfg = Debug|Any CPU
		{5A88AE42-F376-43BC-B039-0069AD5161C8}.Debug|Any CPU.Build.0 = Debug|Any CPU
		{5A88AE42-F376-43BC-B039-0069AD5161C8}.Release|Any CPU.ActiveCfg = Release|Any CPU
		{5A88AE42-F376-43BC-B039-0069AD5161C8}.Release|Any CPU.Build.0 = Release|Any CPU
		{73AB8C8C-6315-4DC7-A3DE-3C747F86AC78}.Debug|Any CPU.ActiveCfg = Debug|Any CPU
		{73AB8C8C-6315-4DC7-A3DE-3C747F86AC78}.Debug|Any CPU.Build.0 = Debug|Any CPU
		{73AB8C8C-6315-4DC7-A3DE-3C747F86AC78}.Release|Any CPU.ActiveCfg = Release|Any CPU
		{73AB8C8C-6315-4DC7-A3DE-3C747F86AC78}.Release|Any CPU.Build.0 = Release|Any CPU
	EndGlobalSection
	GlobalSection(SolutionProperties) = preSolution
		HideSolutionNode = FALSE
	EndGlobalSection
	GlobalSection(ExtensibilityGlobals) = postSolution
		SolutionGuid = {60653240-76BC-4863-A13B-8407B880DA6D}
	EndGlobalSection
EndGlobal
