
Microsoft Visual Studio Solution File, Format Version 12.00
# Visual Studio Version 16
VisualStudioVersion = 16.0.30011.22
MinimumVisualStudioVersion = 10.0.40219.1
Project("{9A19103F-16F7-4668-BE54-9A1E7A4F7556}") = "SharpNeatLib", "SharpNeatLib\SharpNeatLib.csproj", "{48EAE07E-2354-468D-89F4-C54DF1858195}"
EndProject
Project("{FAE04EC0-301F-11D3-BF4B-00C04F79EFBC}") = "SharpNeatDomains", "SharpNeatDomains\SharpNeatDomains.csproj", "{73AB8C8C-6315-4DC7-A3DE-3C747F86AC78}"
EndProject
Project("{FAE04EC0-301F-11D3-BF4B-00C04F79EFBC}") = "Kojoto.Xor", "Kojoto.Xor\Kojoto.Xor.csproj", "{56441F20-23FB-416C-8F3D-B01D70C484FB}"
EndProject
Global
	GlobalSection(SolutionConfigurationPlatforms) = preSolution
		Debug|Any CPU = Debug|Any CPU
		Release|Any CPU = Release|Any CPU
	EndGlobalSection
	GlobalSection(ProjectConfigurationPlatforms) = postSolution
		{48EAE07E-2354-468D-89F4-C54DF1858195}.Debug|Any CPU.ActiveCfg = Debug|Any CPU
		{48EAE07E-2354-468D-89F4-C54DF1858195}.Debug|Any CPU.Build.0 = Debug|Any CPU
		{48EAE07E-2354-468D-89F4-C54DF1858195}.Release|Any CPU.ActiveCfg = Release|Any CPU
		{48EAE07E-2354-468D-89F4-C54DF1858195}.Release|Any CPU.Build.0 = Release|Any CPU
		{73AB8C8C-6315-4DC7-A3DE-3C747F86AC78}.Debug|Any CPU.ActiveCfg = Debug|Any CPU
		{73AB8C8C-6315-4DC7-A3DE-3C747F86AC78}.Debug|Any CPU.Build.0 = Debug|Any CPU
		{73AB8C8C-6315-4DC7-A3DE-3C747F86AC78}.Release|Any CPU.ActiveCfg = Release|Any CPU
		{73AB8C8C-6315-4DC7-A3DE-3C747F86AC78}.Release|Any CPU.Build.0 = Release|Any CPU
		{56441F20-23FB-416C-8F3D-B01D70C484FB}.Debug|Any CPU.ActiveCfg = Debug|Any CPU
		{56441F20-23FB-416C-8F3D-B01D70C484FB}.Debug|Any CPU.Build.0 = Debug|Any CPU
		{56441F20-23FB-416C-8F3D-B01D70C484FB}.Release|Any CPU.ActiveCfg = Release|Any CPU
		{56441F20-23FB-416C-8F3D-B01D70C484FB}.Release|Any CPU.Build.0 = Release|Any CPU
	EndGlobalSection
	GlobalSection(SolutionProperties) = preSolution
		HideSolutionNode = FALSE
	EndGlobalSection
	GlobalSection(ExtensibilityGlobals) = postSolution
		SolutionGuid = {F4F8BC08-3AF9-45BA-91CF-7F31A7952C6F}
	EndGlobalSection
EndGlobal
