Microsoft Visual Studio Solution File, Format Version 12.00
# Visual Studio Version 16
VisualStudioVersion = 16.0.30002.166
MinimumVisualStudioVersion = 10.0.40219.1
Project("{9A19103F-16F7-4668-BE54-9A1E7A4F7556}") = "SharpNeatLib", "SharpNeatLib\SharpNeatLib.csproj", "{ABC5C77A-DEBA-420C-926C-BD3E6F37AE15}"
EndProject
Project("{FAE04EC0-301F-11D3-BF4B-00C04F79EFBC}") = "SharpNeatGUI", "SharpNeatGUI\SharpNeatGUI.csproj", "{407D1C95-118D-42C5-9FCF-BB3628873B4E}"
EndProject
Project("{FAE04EC0-301F-11D3-BF4B-00C04F79EFBC}") = "SharpNeatDomains", "SharpNeatDomains\SharpNeatDomains.csproj", "{73AB8C8C-6315-4DC7-A3DE-3C747F86AC78}"
EndProject
Project("{FAE04EC0-301F-11D3-BF4B-00C04F79EFBC}") = "SharpNeatViewLib", "SharpNeatViewLib\SharpNeatViewLib.csproj", "{4EA80D7B-B680-4AB8-BC4A-B51AF33A3FDE}"
EndProject
Project("{FAE04EC0-301F-11D3-BF4B-00C04F79EFBC}") = "SharpNeatConsole", "SharpNeatConsole\SharpNeatConsole.csproj", "{57314EFA-48AB-4C81-B509-F36EA1000088}"
EndProject
Project("{FAE04EC0-301F-11D3-BF4B-00C04F79EFBC}") = "Box2dTestHarness", "Box2dTestHarness\Box2dTestHarness.csproj", "{0E2AEE8E-8B7C-4257-ABB8-356B4885745E}"
EndProject
Project("{FAE04EC0-301F-11D3-BF4B-00C04F79EFBC}") = "SharpNeatDomainsExtra", "SharpNeatDomainsExtra\SharpNeatDomainsExtra.csproj", "{3A1B9DEC-AECE-42F3-BAD9-9172482C43AB}"
EndProject
Project("{FAE04EC0-301F-11D3-BF4B-00C04F79EFBC}") = "EfficacySampler", "EfficacySampler\EfficacySampler.csproj", "{AC4EDED1-7BCE-4DA2-BCFA-1532F6238F40}"
EndProject
Project("{FAE04EC0-301F-11D3-BF4B-00C04F79EFBC}") = "Kojoto.Xor", "Kojoto.Xor\Kojoto.Xor.csproj", "{56441F20-23FB-416C-8F3D-B01D70C484FB}"
EndProject
Project("{FAE04EC0-301F-11D3-BF4B-00C04F79EFBC}") = "Kojoto.MNIST", "Kojoto.MNIST\Kojoto.MNIST.csproj", "{6B74D031-A1AC-4077-A9E1-552BF6DCAB01}"
EndProject
Project("{FAE04EC0-301F-11D3-BF4B-00C04F79EFBC}") = "Kojoto.MNIST.Test", "Kojoto.MNIST.Test\Kojoto.MNIST.Test.csproj", "{D4E069B8-BE98-488C-83A2-8238D87D3A91}"
EndProject
Global
	GlobalSection(SolutionConfigurationPlatforms) = preSolution
		Debug|Any CPU = Debug|Any CPU
		Debug|Mixed Platforms = Debug|Mixed Platforms
		Debug|x86 = Debug|x86
		Release|Any CPU = Release|Any CPU
		Release|Mixed Platforms = Release|Mixed Platforms
		Release|x86 = Release|x86
	EndGlobalSection
	GlobalSection(ProjectConfigurationPlatforms) = postSolution
		{ABC5C77A-DEBA-420C-926C-BD3E6F37AE15}.Debug|Any CPU.ActiveCfg = Debug|Any CPU
		{ABC5C77A-DEBA-420C-926C-BD3E6F37AE15}.Debug|Any CPU.Build.0 = Debug|Any CPU
		{ABC5C77A-DEBA-420C-926C-BD3E6F37AE15}.Debug|Mixed Platforms.ActiveCfg = Debug|Any CPU
		{ABC5C77A-DEBA-420C-926C-BD3E6F37AE15}.Debug|Mixed Platforms.Build.0 = Debug|Any CPU
		{ABC5C77A-DEBA-420C-926C-BD3E6F37AE15}.Debug|x86.ActiveCfg = Debug|Any CPU
		{ABC5C77A-DEBA-420C-926C-BD3E6F37AE15}.Release|Any CPU.ActiveCfg = Release|Any CPU
		{ABC5C77A-DEBA-420C-926C-BD3E6F37AE15}.Release|Any CPU.Build.0 = Release|Any CPU
		{ABC5C77A-DEBA-420C-926C-BD3E6F37AE15}.Release|Mixed Platforms.ActiveCfg = Release|Any CPU
		{ABC5C77A-DEBA-420C-926C-BD3E6F37AE15}.Release|Mixed Platforms.Build.0 = Release|Any CPU
		{ABC5C77A-DEBA-420C-926C-BD3E6F37AE15}.Release|x86.ActiveCfg = Release|Any CPU
		{407D1C95-118D-42C5-9FCF-BB3628873B4E}.Debug|Any CPU.ActiveCfg = Debug|Any CPU
		{407D1C95-118D-42C5-9FCF-BB3628873B4E}.Debug|Any CPU.Build.0 = Debug|Any CPU
		{407D1C95-118D-42C5-9FCF-BB3628873B4E}.Debug|Mixed Platforms.ActiveCfg = Debug|Any CPU
		{407D1C95-118D-42C5-9FCF-BB3628873B4E}.Debug|Mixed Platforms.Build.0 = Debug|Any CPU
		{407D1C95-118D-42C5-9FCF-BB3628873B4E}.Debug|x86.ActiveCfg = Debug|Any CPU
		{407D1C95-118D-42C5-9FCF-BB3628873B4E}.Release|Any CPU.ActiveCfg = Release|Any CPU
		{407D1C95-118D-42C5-9FCF-BB3628873B4E}.Release|Any CPU.Build.0 = Release|Any CPU
		{407D1C95-118D-42C5-9FCF-BB3628873B4E}.Release|Mixed Platforms.ActiveCfg = Release|Any CPU
		{407D1C95-118D-42C5-9FCF-BB3628873B4E}.Release|Mixed Platforms.Build.0 = Release|Any CPU
		{407D1C95-118D-42C5-9FCF-BB3628873B4E}.Release|x86.ActiveCfg = Release|Any CPU
		{73AB8C8C-6315-4DC7-A3DE-3C747F86AC78}.Debug|Any CPU.ActiveCfg = Debug|Any CPU
		{73AB8C8C-6315-4DC7-A3DE-3C747F86AC78}.Debug|Any CPU.Build.0 = Debug|Any CPU
		{73AB8C8C-6315-4DC7-A3DE-3C747F86AC78}.Debug|Mixed Platforms.ActiveCfg = Debug|Any CPU
		{73AB8C8C-6315-4DC7-A3DE-3C747F86AC78}.Debug|Mixed Platforms.Build.0 = Debug|Any CPU
		{73AB8C8C-6315-4DC7-A3DE-3C747F86AC78}.Debug|x86.ActiveCfg = Debug|Any CPU
		{73AB8C8C-6315-4DC7-A3DE-3C747F86AC78}.Release|Any CPU.ActiveCfg = Release|Any CPU
		{73AB8C8C-6315-4DC7-A3DE-3C747F86AC78}.Release|Any CPU.Build.0 = Release|Any CPU
		{73AB8C8C-6315-4DC7-A3DE-3C747F86AC78}.Release|Mixed Platforms.ActiveCfg = Release|Any CPU
		{73AB8C8C-6315-4DC7-A3DE-3C747F86AC78}.Release|Mixed Platforms.Build.0 = Release|Any CPU
		{73AB8C8C-6315-4DC7-A3DE-3C747F86AC78}.Release|x86.ActiveCfg = Release|Any CPU
		{4EA80D7B-B680-4AB8-BC4A-B51AF33A3FDE}.Debug|Any CPU.ActiveCfg = Debug|Any CPU
		{4EA80D7B-B680-4AB8-BC4A-B51AF33A3FDE}.Debug|Any CPU.Build.0 = Debug|Any CPU
		{4EA80D7B-B680-4AB8-BC4A-B51AF33A3FDE}.Debug|Mixed Platforms.ActiveCfg = Debug|Any CPU
		{4EA80D7B-B680-4AB8-BC4A-B51AF33A3FDE}.Debug|Mixed Platforms.Build.0 = Debug|Any CPU
		{4EA80D7B-B680-4AB8-BC4A-B51AF33A3FDE}.Debug|x86.ActiveCfg = Debug|Any CPU
		{4EA80D7B-B680-4AB8-BC4A-B51AF33A3FDE}.Release|Any CPU.ActiveCfg = Release|Any CPU
		{4EA80D7B-B680-4AB8-BC4A-B51AF33A3FDE}.Release|Any CPU.Build.0 = Release|Any CPU
		{4EA80D7B-B680-4AB8-BC4A-B51AF33A3FDE}.Release|Mixed Platforms.ActiveCfg = Release|Any CPU
		{4EA80D7B-B680-4AB8-BC4A-B51AF33A3FDE}.Release|Mixed Platforms.Build.0 = Release|Any CPU
		{4EA80D7B-B680-4AB8-BC4A-B51AF33A3FDE}.Release|x86.ActiveCfg = Release|Any CPU
		{57314EFA-48AB-4C81-B509-F36EA1000088}.Debug|Any CPU.ActiveCfg = Debug|x86
		{57314EFA-48AB-4C81-B509-F36EA1000088}.Debug|Mixed Platforms.ActiveCfg = Debug|x86
		{57314EFA-48AB-4C81-B509-F36EA1000088}.Debug|Mixed Platforms.Build.0 = Debug|x86
		{57314EFA-48AB-4C81-B509-F36EA1000088}.Debug|x86.ActiveCfg = Debug|x86
		{57314EFA-48AB-4C81-B509-F36EA1000088}.Debug|x86.Build.0 = Debug|x86
		{57314EFA-48AB-4C81-B509-F36EA1000088}.Release|Any CPU.ActiveCfg = Release|x86
		{57314EFA-48AB-4C81-B509-F36EA1000088}.Release|Mixed Platforms.ActiveCfg = Release|x86
		{57314EFA-48AB-4C81-B509-F36EA1000088}.Release|Mixed Platforms.Build.0 = Release|x86
		{57314EFA-48AB-4C81-B509-F36EA1000088}.Release|x86.ActiveCfg = Release|x86
		{57314EFA-48AB-4C81-B509-F36EA1000088}.Release|x86.Build.0 = Release|x86
		{0E2AEE8E-8B7C-4257-ABB8-356B4885745E}.Debug|Any CPU.ActiveCfg = Debug|x86
		{0E2AEE8E-8B7C-4257-ABB8-356B4885745E}.Debug|Mixed Platforms.ActiveCfg = Debug|x86
		{0E2AEE8E-8B7C-4257-ABB8-356B4885745E}.Debug|Mixed Platforms.Build.0 = Debug|x86
		{0E2AEE8E-8B7C-4257-ABB8-356B4885745E}.Debug|x86.ActiveCfg = Debug|x86
		{0E2AEE8E-8B7C-4257-ABB8-356B4885745E}.Debug|x86.Build.0 = Debug|x86
		{0E2AEE8E-8B7C-4257-ABB8-356B4885745E}.Release|Any CPU.ActiveCfg = Release|x86
		{0E2AEE8E-8B7C-4257-ABB8-356B4885745E}.Release|Mixed Platforms.ActiveCfg = Release|x86
		{0E2AEE8E-8B7C-4257-ABB8-356B4885745E}.Release|Mixed Platforms.Build.0 = Release|x86
		{0E2AEE8E-8B7C-4257-ABB8-356B4885745E}.Release|x86.ActiveCfg = Release|x86
		{0E2AEE8E-8B7C-4257-ABB8-356B4885745E}.Release|x86.Build.0 = Release|x86
		{3A1B9DEC-AECE-42F3-BAD9-9172482C43AB}.Debug|Any CPU.ActiveCfg = Debug|Any CPU
		{3A1B9DEC-AECE-42F3-BAD9-9172482C43AB}.Debug|Any CPU.Build.0 = Debug|Any CPU
		{3A1B9DEC-AECE-42F3-BAD9-9172482C43AB}.Debug|Mixed Platforms.ActiveCfg = Debug|Any CPU
		{3A1B9DEC-AECE-42F3-BAD9-9172482C43AB}.Debug|Mixed Platforms.Build.0 = Debug|Any CPU
		{3A1B9DEC-AECE-42F3-BAD9-9172482C43AB}.Debug|x86.ActiveCfg = Debug|Any CPU
		{3A1B9DEC-AECE-42F3-BAD9-9172482C43AB}.Release|Any CPU.ActiveCfg = Release|Any CPU
		{3A1B9DEC-AECE-42F3-BAD9-9172482C43AB}.Release|Any CPU.Build.0 = Release|Any CPU
		{3A1B9DEC-AECE-42F3-BAD9-9172482C43AB}.Release|Mixed Platforms.ActiveCfg = Release|Any CPU
		{3A1B9DEC-AECE-42F3-BAD9-9172482C43AB}.Release|Mixed Platforms.Build.0 = Release|Any CPU
		{3A1B9DEC-AECE-42F3-BAD9-9172482C43AB}.Release|x86.ActiveCfg = Release|Any CPU
		{AC4EDED1-7BCE-4DA2-BCFA-1532F6238F40}.Debug|Any CPU.ActiveCfg = Debug|Any CPU
		{AC4EDED1-7BCE-4DA2-BCFA-1532F6238F40}.Debug|Any CPU.Build.0 = Debug|Any CPU
		{AC4EDED1-7BCE-4DA2-BCFA-1532F6238F40}.Debug|Mixed Platforms.ActiveCfg = Debug|Any CPU
		{AC4EDED1-7BCE-4DA2-BCFA-1532F6238F40}.Debug|Mixed Platforms.Build.0 = Debug|Any CPU
		{AC4EDED1-7BCE-4DA2-BCFA-1532F6238F40}.Debug|x86.ActiveCfg = Debug|Any CPU
		{AC4EDED1-7BCE-4DA2-BCFA-1532F6238F40}.Debug|x86.Build.0 = Debug|Any CPU
		{AC4EDED1-7BCE-4DA2-BCFA-1532F6238F40}.Release|Any CPU.ActiveCfg = Release|Any CPU
		{AC4EDED1-7BCE-4DA2-BCFA-1532F6238F40}.Release|Any CPU.Build.0 = Release|Any CPU
		{AC4EDED1-7BCE-4DA2-BCFA-1532F6238F40}.Release|Mixed Platforms.ActiveCfg = Release|Any CPU
		{AC4EDED1-7BCE-4DA2-BCFA-1532F6238F40}.Release|Mixed Platforms.Build.0 = Release|Any CPU
		{AC4EDED1-7BCE-4DA2-BCFA-1532F6238F40}.Release|x86.ActiveCfg = Release|Any CPU
		{AC4EDED1-7BCE-4DA2-BCFA-1532F6238F40}.Release|x86.Build.0 = Release|Any CPU
		{56441F20-23FB-416C-8F3D-B01D70C484FB}.Debug|Any CPU.ActiveCfg = Debug|Any CPU
		{56441F20-23FB-416C-8F3D-B01D70C484FB}.Debug|Any CPU.Build.0 = Debug|Any CPU
		{56441F20-23FB-416C-8F3D-B01D70C484FB}.Debug|Mixed Platforms.ActiveCfg = Debug|Any CPU
		{56441F20-23FB-416C-8F3D-B01D70C484FB}.Debug|Mixed Platforms.Build.0 = Debug|Any CPU
		{56441F20-23FB-416C-8F3D-B01D70C484FB}.Debug|x86.ActiveCfg = Debug|Any CPU
		{56441F20-23FB-416C-8F3D-B01D70C484FB}.Debug|x86.Build.0 = Debug|Any CPU
		{56441F20-23FB-416C-8F3D-B01D70C484FB}.Release|Any CPU.ActiveCfg = Release|Any CPU
		{56441F20-23FB-416C-8F3D-B01D70C484FB}.Release|Any CPU.Build.0 = Release|Any CPU
		{56441F20-23FB-416C-8F3D-B01D70C484FB}.Release|Mixed Platforms.ActiveCfg = Release|Any CPU
		{56441F20-23FB-416C-8F3D-B01D70C484FB}.Release|Mixed Platforms.Build.0 = Release|Any CPU
		{56441F20-23FB-416C-8F3D-B01D70C484FB}.Release|x86.ActiveCfg = Release|Any CPU
		{56441F20-23FB-416C-8F3D-B01D70C484FB}.Release|x86.Build.0 = Release|Any CPU
		{6B74D031-A1AC-4077-A9E1-552BF6DCAB01}.Debug|Any CPU.ActiveCfg = Debug|Any CPU
		{6B74D031-A1AC-4077-A9E1-552BF6DCAB01}.Debug|Any CPU.Build.0 = Debug|Any CPU
		{6B74D031-A1AC-4077-A9E1-552BF6DCAB01}.Debug|Mixed Platforms.ActiveCfg = Debug|Any CPU
		{6B74D031-A1AC-4077-A9E1-552BF6DCAB01}.Debug|Mixed Platforms.Build.0 = Debug|Any CPU
		{6B74D031-A1AC-4077-A9E1-552BF6DCAB01}.Debug|x86.ActiveCfg = Debug|Any CPU
		{6B74D031-A1AC-4077-A9E1-552BF6DCAB01}.Debug|x86.Build.0 = Debug|Any CPU
		{6B74D031-A1AC-4077-A9E1-552BF6DCAB01}.Release|Any CPU.ActiveCfg = Release|Any CPU
		{6B74D031-A1AC-4077-A9E1-552BF6DCAB01}.Release|Any CPU.Build.0 = Release|Any CPU
		{6B74D031-A1AC-4077-A9E1-552BF6DCAB01}.Release|Mixed Platforms.ActiveCfg = Release|Any CPU
		{6B74D031-A1AC-4077-A9E1-552BF6DCAB01}.Release|Mixed Platforms.Build.0 = Release|Any CPU
		{6B74D031-A1AC-4077-A9E1-552BF6DCAB01}.Release|x86.ActiveCfg = Release|Any CPU
		{6B74D031-A1AC-4077-A9E1-552BF6DCAB01}.Release|x86.Build.0 = Release|Any CPU
		{D4E069B8-BE98-488C-83A2-8238D87D3A91}.Debug|Any CPU.ActiveCfg = Debug|Any CPU
		{D4E069B8-BE98-488C-83A2-8238D87D3A91}.Debug|Any CPU.Build.0 = Debug|Any CPU
		{D4E069B8-BE98-488C-83A2-8238D87D3A91}.Debug|Mixed Platforms.ActiveCfg = Debug|Any CPU
		{D4E069B8-BE98-488C-83A2-8238D87D3A91}.Debug|Mixed Platforms.Build.0 = Debug|Any CPU
		{D4E069B8-BE98-488C-83A2-8238D87D3A91}.Debug|x86.ActiveCfg = Debug|Any CPU
		{D4E069B8-BE98-488C-83A2-8238D87D3A91}.Debug|x86.Build.0 = Debug|Any CPU
		{D4E069B8-BE98-488C-83A2-8238D87D3A91}.Release|Any CPU.ActiveCfg = Release|Any CPU
		{D4E069B8-BE98-488C-83A2-8238D87D3A91}.Release|Any CPU.Build.0 = Release|Any CPU
		{D4E069B8-BE98-488C-83A2-8238D87D3A91}.Release|Mixed Platforms.ActiveCfg = Release|Any CPU
		{D4E069B8-BE98-488C-83A2-8238D87D3A91}.Release|Mixed Platforms.Build.0 = Release|Any CPU
		{D4E069B8-BE98-488C-83A2-8238D87D3A91}.Release|x86.ActiveCfg = Release|Any CPU
		{D4E069B8-BE98-488C-83A2-8238D87D3A91}.Release|x86.Build.0 = Release|Any CPU
	EndGlobalSection
	GlobalSection(SolutionProperties) = preSolution
		HideSolutionNode = FALSE
	EndGlobalSection
	GlobalSection(ExtensibilityGlobals) = postSolution
		SolutionGuid = {8ABD3752-BB77-40CD-A5DC-DFD2CF33B300}
	EndGlobalSection
EndGlobal
